
Microsoft Visual Studio Solution File, Format Version 12.00
# Visual Studio Version 16
VisualStudioVersion = 16.0.31624.102
MinimumVisualStudioVersion = 10.0.40219.1
Project("{8BC9CEB8-8B4A-11D0-8D11-00A0C91BC942}") = "BasisLib", "BasicLib\BasicLib.vcxproj", "{6677E556-C2B3-4E14-BEBE-7659980217E3}"
EndProject
Project("{2150E333-8FDC-42A3-9474-1A3956D46DE8}") = "Lib", "Lib", "{2E33F7EF-9465-40F3-8310-7F388CC429C0}"
EndProject
Project("{8BC9CEB8-8B4A-11D0-8D11-00A0C91BC942}") = "Select_C", "Select_C\Select_C.vcxproj", "{31B1D40C-EDB4-4603-B5A6-50A39005C8D6}"
EndProject
Project("{2150E333-8FDC-42A3-9474-1A3956D46DE8}") = "Socket", "Socket", "{7300D614-9B1A-4C3D-B694-8E147432746C}"
EndProject
Project("{2150E333-8FDC-42A3-9474-1A3956D46DE8}") = "echo", "echo", "{4983DC60-2575-4F19-A04F-B22A5A718B9B}"
EndProject
Project("{8BC9CEB8-8B4A-11D0-8D11-00A0C91BC942}") = "SocketServer", "SocketServer\SocketServer.vcxproj", "{16604E50-DBFD-4A0C-BB68-009964E02808}"
EndProject
Project("{8BC9CEB8-8B4A-11D0-8D11-00A0C91BC942}") = "SoketClient", "SoketClient\SoketClient.vcxproj", "{4C532063-87AB-4E2B-878F-BA0A8B6ED50D}"
EndProject
Project("{2150E333-8FDC-42A3-9474-1A3956D46DE8}") = "chat", "chat", "{075E3D10-0DB4-4A9D-9B24-F91C1BCF827F}"
EndProject
Project("{8BC9CEB8-8B4A-11D0-8D11-00A0C91BC942}") = "Chat_S", "Chat_S\Chat_S.vcxproj", "{A73FDE6B-120E-4EAD-A8B2-5417B67FEC84}"
EndProject
Project("{8BC9CEB8-8B4A-11D0-8D11-00A0C91BC942}") = "Chat_C", "Chat_C\Chat_C.vcxproj", "{69E5F274-E9FC-4CA1-84E2-A01BF2AFC880}"
EndProject
Project("{2150E333-8FDC-42A3-9474-1A3956D46DE8}") = "MakePacket", "MakePacket", "{598AF53F-8B47-4B21-B95D-13F19B51AFBA}"
EndProject
Project("{8BC9CEB8-8B4A-11D0-8D11-00A0C91BC942}") = "MakePacket_S", "MakePacket_S\MakePacket_S.vcxproj", "{53FEC9A5-A589-49DE-BA02-9020D301A085}"
EndProject
Project("{8BC9CEB8-8B4A-11D0-8D11-00A0C91BC942}") = "MakePacket_C", "MakePacket_C\MakePacket_C.vcxproj", "{216C2A01-F375-43DC-B4C5-81945FB3CAE6}"
EndProject
Project("{2150E333-8FDC-42A3-9474-1A3956D46DE8}") = "Thread", "Thread", "{95C42128-02B2-4FE6-9A19-071D862D7BCB}"
EndProject
Project("{8BC9CEB8-8B4A-11D0-8D11-00A0C91BC942}") = "Thread_S", "Thread_S\Thread_S.vcxproj", "{75F13726-1D38-44CB-A748-D96208126597}"
EndProject
Project("{8BC9CEB8-8B4A-11D0-8D11-00A0C91BC942}") = "Thread_C", "Thread_C\Thread_C.vcxproj", "{EFF8888E-EF9B-4796-8185-741BA08BD94E}"
EndProject
Project("{8BC9CEB8-8B4A-11D0-8D11-00A0C91BC942}") = "CoreNetwork", "CoreNetwork\CoreNetwork.vcxproj", "{5EEBDF35-62CD-4DD9-A146-04F9FBCF95D8}"
EndProject
Project("{8BC9CEB8-8B4A-11D0-8D11-00A0C91BC942}") = "CoreNetSample", "CoreNetSample\CoreNetSample.vcxproj", "{DECE30C2-AAFE-4CC7-A090-0CD9AC19302F}"
EndProject
Project("{2150E333-8FDC-42A3-9474-1A3956D46DE8}") = "Graphic", "Graphic", "{998BC07F-4F86-4079-8AC6-D960A88E0C69}"
EndProject
Project("{8BC9CEB8-8B4A-11D0-8D11-00A0C91BC942}") = "CoreServer", "CoreServer\CoreServer.vcxproj", "{ED3A59F6-2BC2-44D0-BA3E-79A0D3F7F712}"
EndProject
Project("{2150E333-8FDC-42A3-9474-1A3956D46DE8}") = "AsyncIO", "AsyncIO", "{36616771-C9BB-4F4E-A085-0F7AC1151C89}"
EndProject
Project("{8BC9CEB8-8B4A-11D0-8D11-00A0C91BC942}") = "AsyncIO", "AsyncIO\AsyncIO.vcxproj", "{B54F2B1C-DEF5-452A-A5B2-9BF833F64AD2}"
EndProject
Project("{8BC9CEB8-8B4A-11D0-8D11-00A0C91BC942}") = "AsyncBlock", "AsyncBlock\AsyncBlock.vcxproj", "{0D434754-55BC-449D-A873-ABCDE97CB918}"
EndProject
Project("{8BC9CEB8-8B4A-11D0-8D11-00A0C91BC942}") = "IOCP", "IOCP\IOCP.vcxproj", "{1252008B-19DE-4796-B588-8F3E9824C4C6}"
EndProject
Project("{8BC9CEB8-8B4A-11D0-8D11-00A0C91BC942}") = "IOCPServer", "IOCPServer\IOCPServer.vcxproj", "{40519C66-9F9C-4ADF-A080-06AD3E190BF2}"
EndProject
Project("{2150E333-8FDC-42A3-9474-1A3956D46DE8}") = "UDP", "UDP", "{46139CAC-D05D-4C8E-82F4-9637C4A8C730}"
EndProject
Project("{8BC9CEB8-8B4A-11D0-8D11-00A0C91BC942}") = "udpServer", "udpServer\udpServer.vcxproj", "{D483B876-F6AE-45D4-8712-6AA5B46399BC}"
EndProject
Project("{8BC9CEB8-8B4A-11D0-8D11-00A0C91BC942}") = "udpClient", "udpClient\udpClient.vcxproj", "{E1486CBC-CA38-4FBC-A473-AAF531F695CA}"
EndProject
Project("{8BC9CEB8-8B4A-11D0-8D11-00A0C91BC942}") = "ODBC_1", "ODBC\ODBC.vcxproj", "{F112F2D2-8491-49DF-B1EF-5493E9693207}"
EndProject
Project("{2150E333-8FDC-42A3-9474-1A3956D46DE8}") = "ODBC", "ODBC", "{B29F3944-0606-423B-924B-71DE5DDFED6C}"
EndProject
Project("{8BC9CEB8-8B4A-11D0-8D11-00A0C91BC942}") = "ODBC_2", "ODBC_2\ODBC_2.vcxproj", "{CACF0691-0379-49C6-B5B9-7A828E980CD4}"
EndProject
Project("{8BC9CEB8-8B4A-11D0-8D11-00A0C91BC942}") = "CoreClient_1", "CoreClient_1\CoreClient_1.vcxproj", "{86B23F52-CEA2-42DA-A5AD-DFB75C95CD06}"
EndProject
Project("{8BC9CEB8-8B4A-11D0-8D11-00A0C91BC942}") = "CoreClient_2", "CoreClient_2\CoreClient_2.vcxproj", "{3DDD5E3C-9334-4CD5-BB85-50ADDC1B8C81}"
EndProject
Project("{2150E333-8FDC-42A3-9474-1A3956D46DE8}") = "IOCP", "IOCP", "{588C26BF-CEBE-499D-B28F-79493EE4E080}"
EndProject
Global
	GlobalSection(SolutionConfigurationPlatforms) = preSolution
		Debug|x64 = Debug|x64
		Debug|x86 = Debug|x86
		Release|x64 = Release|x64
		Release|x86 = Release|x86
	EndGlobalSection
	GlobalSection(ProjectConfigurationPlatforms) = postSolution
		{6677E556-C2B3-4E14-BEBE-7659980217E3}.Debug|x64.ActiveCfg = Debug|x64
		{6677E556-C2B3-4E14-BEBE-7659980217E3}.Debug|x64.Build.0 = Debug|x64
		{6677E556-C2B3-4E14-BEBE-7659980217E3}.Debug|x86.ActiveCfg = Debug|Win32
		{6677E556-C2B3-4E14-BEBE-7659980217E3}.Debug|x86.Build.0 = Debug|Win32
		{6677E556-C2B3-4E14-BEBE-7659980217E3}.Release|x64.ActiveCfg = Release|x64
		{6677E556-C2B3-4E14-BEBE-7659980217E3}.Release|x64.Build.0 = Release|x64
		{6677E556-C2B3-4E14-BEBE-7659980217E3}.Release|x86.ActiveCfg = Release|Win32
		{6677E556-C2B3-4E14-BEBE-7659980217E3}.Release|x86.Build.0 = Release|Win32
		{31B1D40C-EDB4-4603-B5A6-50A39005C8D6}.Debug|x64.ActiveCfg = Debug|x64
		{31B1D40C-EDB4-4603-B5A6-50A39005C8D6}.Debug|x64.Build.0 = Debug|x64
		{31B1D40C-EDB4-4603-B5A6-50A39005C8D6}.Debug|x86.ActiveCfg = Debug|Win32
		{31B1D40C-EDB4-4603-B5A6-50A39005C8D6}.Debug|x86.Build.0 = Debug|Win32
		{31B1D40C-EDB4-4603-B5A6-50A39005C8D6}.Release|x64.ActiveCfg = Release|x64
		{31B1D40C-EDB4-4603-B5A6-50A39005C8D6}.Release|x64.Build.0 = Release|x64
		{31B1D40C-EDB4-4603-B5A6-50A39005C8D6}.Release|x86.ActiveCfg = Release|Win32
		{31B1D40C-EDB4-4603-B5A6-50A39005C8D6}.Release|x86.Build.0 = Release|Win32
		{16604E50-DBFD-4A0C-BB68-009964E02808}.Debug|x64.ActiveCfg = Debug|x64
		{16604E50-DBFD-4A0C-BB68-009964E02808}.Debug|x64.Build.0 = Debug|x64
		{16604E50-DBFD-4A0C-BB68-009964E02808}.Debug|x86.ActiveCfg = Debug|Win32
		{16604E50-DBFD-4A0C-BB68-009964E02808}.Debug|x86.Build.0 = Debug|Win32
		{16604E50-DBFD-4A0C-BB68-009964E02808}.Release|x64.ActiveCfg = Release|x64
		{16604E50-DBFD-4A0C-BB68-009964E02808}.Release|x64.Build.0 = Release|x64
		{16604E50-DBFD-4A0C-BB68-009964E02808}.Release|x86.ActiveCfg = Release|Win32
		{16604E50-DBFD-4A0C-BB68-009964E02808}.Release|x86.Build.0 = Release|Win32
		{4C532063-87AB-4E2B-878F-BA0A8B6ED50D}.Debug|x64.ActiveCfg = Debug|x64
		{4C532063-87AB-4E2B-878F-BA0A8B6ED50D}.Debug|x64.Build.0 = Debug|x64
		{4C532063-87AB-4E2B-878F-BA0A8B6ED50D}.Debug|x86.ActiveCfg = Debug|Win32
		{4C532063-87AB-4E2B-878F-BA0A8B6ED50D}.Debug|x86.Build.0 = Debug|Win32
		{4C532063-87AB-4E2B-878F-BA0A8B6ED50D}.Release|x64.ActiveCfg = Release|x64
		{4C532063-87AB-4E2B-878F-BA0A8B6ED50D}.Release|x64.Build.0 = Release|x64
		{4C532063-87AB-4E2B-878F-BA0A8B6ED50D}.Release|x86.ActiveCfg = Release|Win32
		{4C532063-87AB-4E2B-878F-BA0A8B6ED50D}.Release|x86.Build.0 = Release|Win32
		{A73FDE6B-120E-4EAD-A8B2-5417B67FEC84}.Debug|x64.ActiveCfg = Debug|x64
		{A73FDE6B-120E-4EAD-A8B2-5417B67FEC84}.Debug|x64.Build.0 = Debug|x64
		{A73FDE6B-120E-4EAD-A8B2-5417B67FEC84}.Debug|x86.ActiveCfg = Debug|Win32
		{A73FDE6B-120E-4EAD-A8B2-5417B67FEC84}.Debug|x86.Build.0 = Debug|Win32
		{A73FDE6B-120E-4EAD-A8B2-5417B67FEC84}.Release|x64.ActiveCfg = Release|x64
		{A73FDE6B-120E-4EAD-A8B2-5417B67FEC84}.Release|x64.Build.0 = Release|x64
		{A73FDE6B-120E-4EAD-A8B2-5417B67FEC84}.Release|x86.ActiveCfg = Release|Win32
		{A73FDE6B-120E-4EAD-A8B2-5417B67FEC84}.Release|x86.Build.0 = Release|Win32
		{69E5F274-E9FC-4CA1-84E2-A01BF2AFC880}.Debug|x64.ActiveCfg = Debug|x64
		{69E5F274-E9FC-4CA1-84E2-A01BF2AFC880}.Debug|x64.Build.0 = Debug|x64
		{69E5F274-E9FC-4CA1-84E2-A01BF2AFC880}.Debug|x86.ActiveCfg = Debug|Win32
		{69E5F274-E9FC-4CA1-84E2-A01BF2AFC880}.Debug|x86.Build.0 = Debug|Win32
		{69E5F274-E9FC-4CA1-84E2-A01BF2AFC880}.Release|x64.ActiveCfg = Release|x64
		{69E5F274-E9FC-4CA1-84E2-A01BF2AFC880}.Release|x64.Build.0 = Release|x64
		{69E5F274-E9FC-4CA1-84E2-A01BF2AFC880}.Release|x86.ActiveCfg = Release|Win32
		{69E5F274-E9FC-4CA1-84E2-A01BF2AFC880}.Release|x86.Build.0 = Release|Win32
		{53FEC9A5-A589-49DE-BA02-9020D301A085}.Debug|x64.ActiveCfg = Debug|x64
		{53FEC9A5-A589-49DE-BA02-9020D301A085}.Debug|x64.Build.0 = Debug|x64
		{53FEC9A5-A589-49DE-BA02-9020D301A085}.Debug|x86.ActiveCfg = Debug|Win32
		{53FEC9A5-A589-49DE-BA02-9020D301A085}.Debug|x86.Build.0 = Debug|Win32
		{53FEC9A5-A589-49DE-BA02-9020D301A085}.Release|x64.ActiveCfg = Release|x64
		{53FEC9A5-A589-49DE-BA02-9020D301A085}.Release|x64.Build.0 = Release|x64
		{53FEC9A5-A589-49DE-BA02-9020D301A085}.Release|x86.ActiveCfg = Release|Win32
		{53FEC9A5-A589-49DE-BA02-9020D301A085}.Release|x86.Build.0 = Release|Win32
		{216C2A01-F375-43DC-B4C5-81945FB3CAE6}.Debug|x64.ActiveCfg = Debug|x64
		{216C2A01-F375-43DC-B4C5-81945FB3CAE6}.Debug|x64.Build.0 = Debug|x64
		{216C2A01-F375-43DC-B4C5-81945FB3CAE6}.Debug|x86.ActiveCfg = Debug|Win32
		{216C2A01-F375-43DC-B4C5-81945FB3CAE6}.Debug|x86.Build.0 = Debug|Win32
		{216C2A01-F375-43DC-B4C5-81945FB3CAE6}.Release|x64.ActiveCfg = Release|x64
		{216C2A01-F375-43DC-B4C5-81945FB3CAE6}.Release|x64.Build.0 = Release|x64
		{216C2A01-F375-43DC-B4C5-81945FB3CAE6}.Release|x86.ActiveCfg = Release|Win32
		{216C2A01-F375-43DC-B4C5-81945FB3CAE6}.Release|x86.Build.0 = Release|Win32
		{75F13726-1D38-44CB-A748-D96208126597}.Debug|x64.ActiveCfg = Debug|x64
		{75F13726-1D38-44CB-A748-D96208126597}.Debug|x64.Build.0 = Debug|x64
		{75F13726-1D38-44CB-A748-D96208126597}.Debug|x86.ActiveCfg = Debug|Win32
		{75F13726-1D38-44CB-A748-D96208126597}.Debug|x86.Build.0 = Debug|Win32
		{75F13726-1D38-44CB-A748-D96208126597}.Release|x64.ActiveCfg = Release|x64
		{75F13726-1D38-44CB-A748-D96208126597}.Release|x64.Build.0 = Release|x64
		{75F13726-1D38-44CB-A748-D96208126597}.Release|x86.ActiveCfg = Release|Win32
		{75F13726-1D38-44CB-A748-D96208126597}.Release|x86.Build.0 = Release|Win32
		{EFF8888E-EF9B-4796-8185-741BA08BD94E}.Debug|x64.ActiveCfg = Debug|x64
		{EFF8888E-EF9B-4796-8185-741BA08BD94E}.Debug|x64.Build.0 = Debug|x64
		{EFF8888E-EF9B-4796-8185-741BA08BD94E}.Debug|x86.ActiveCfg = Debug|Win32
		{EFF8888E-EF9B-4796-8185-741BA08BD94E}.Debug|x86.Build.0 = Debug|Win32
		{EFF8888E-EF9B-4796-8185-741BA08BD94E}.Release|x64.ActiveCfg = Release|x64
		{EFF8888E-EF9B-4796-8185-741BA08BD94E}.Release|x64.Build.0 = Release|x64
		{EFF8888E-EF9B-4796-8185-741BA08BD94E}.Release|x86.ActiveCfg = Release|Win32
		{EFF8888E-EF9B-4796-8185-741BA08BD94E}.Release|x86.Build.0 = Release|Win32
		{5EEBDF35-62CD-4DD9-A146-04F9FBCF95D8}.Debug|x64.ActiveCfg = Debug|x64
		{5EEBDF35-62CD-4DD9-A146-04F9FBCF95D8}.Debug|x64.Build.0 = Debug|x64
		{5EEBDF35-62CD-4DD9-A146-04F9FBCF95D8}.Debug|x86.ActiveCfg = Debug|Win32
		{5EEBDF35-62CD-4DD9-A146-04F9FBCF95D8}.Debug|x86.Build.0 = Debug|Win32
		{5EEBDF35-62CD-4DD9-A146-04F9FBCF95D8}.Release|x64.ActiveCfg = Release|x64
		{5EEBDF35-62CD-4DD9-A146-04F9FBCF95D8}.Release|x64.Build.0 = Release|x64
		{5EEBDF35-62CD-4DD9-A146-04F9FBCF95D8}.Release|x86.ActiveCfg = Release|Win32
		{5EEBDF35-62CD-4DD9-A146-04F9FBCF95D8}.Release|x86.Build.0 = Release|Win32
		{DECE30C2-AAFE-4CC7-A090-0CD9AC19302F}.Debug|x64.ActiveCfg = Debug|x64
		{DECE30C2-AAFE-4CC7-A090-0CD9AC19302F}.Debug|x64.Build.0 = Debug|x64
		{DECE30C2-AAFE-4CC7-A090-0CD9AC19302F}.Debug|x86.ActiveCfg = Debug|Win32
		{DECE30C2-AAFE-4CC7-A090-0CD9AC19302F}.Debug|x86.Build.0 = Debug|Win32
		{DECE30C2-AAFE-4CC7-A090-0CD9AC19302F}.Release|x64.ActiveCfg = Release|x64
		{DECE30C2-AAFE-4CC7-A090-0CD9AC19302F}.Release|x64.Build.0 = Release|x64
		{DECE30C2-AAFE-4CC7-A090-0CD9AC19302F}.Release|x86.ActiveCfg = Release|Win32
		{DECE30C2-AAFE-4CC7-A090-0CD9AC19302F}.Release|x86.Build.0 = Release|Win32
		{ED3A59F6-2BC2-44D0-BA3E-79A0D3F7F712}.Debug|x64.ActiveCfg = Debug|x64
		{ED3A59F6-2BC2-44D0-BA3E-79A0D3F7F712}.Debug|x64.Build.0 = Debug|x64
		{ED3A59F6-2BC2-44D0-BA3E-79A0D3F7F712}.Debug|x86.ActiveCfg = Debug|Win32
		{ED3A59F6-2BC2-44D0-BA3E-79A0D3F7F712}.Debug|x86.Build.0 = Debug|Win32
		{ED3A59F6-2BC2-44D0-BA3E-79A0D3F7F712}.Release|x64.ActiveCfg = Release|x64
		{ED3A59F6-2BC2-44D0-BA3E-79A0D3F7F712}.Release|x64.Build.0 = Release|x64
		{ED3A59F6-2BC2-44D0-BA3E-79A0D3F7F712}.Release|x86.ActiveCfg = Release|Win32
		{ED3A59F6-2BC2-44D0-BA3E-79A0D3F7F712}.Release|x86.Build.0 = Release|Win32
		{B54F2B1C-DEF5-452A-A5B2-9BF833F64AD2}.Debug|x64.ActiveCfg = Debug|x64
		{B54F2B1C-DEF5-452A-A5B2-9BF833F64AD2}.Debug|x64.Build.0 = Debug|x64
		{B54F2B1C-DEF5-452A-A5B2-9BF833F64AD2}.Debug|x86.ActiveCfg = Debug|Win32
		{B54F2B1C-DEF5-452A-A5B2-9BF833F64AD2}.Debug|x86.Build.0 = Debug|Win32
		{B54F2B1C-DEF5-452A-A5B2-9BF833F64AD2}.Release|x64.ActiveCfg = Release|x64
		{B54F2B1C-DEF5-452A-A5B2-9BF833F64AD2}.Release|x64.Build.0 = Release|x64
		{B54F2B1C-DEF5-452A-A5B2-9BF833F64AD2}.Release|x86.ActiveCfg = Release|Win32
		{B54F2B1C-DEF5-452A-A5B2-9BF833F64AD2}.Release|x86.Build.0 = Release|Win32
		{0D434754-55BC-449D-A873-ABCDE97CB918}.Debug|x64.ActiveCfg = Debug|x64
		{0D434754-55BC-449D-A873-ABCDE97CB918}.Debug|x64.Build.0 = Debug|x64
		{0D434754-55BC-449D-A873-ABCDE97CB918}.Debug|x86.ActiveCfg = Debug|Win32
		{0D434754-55BC-449D-A873-ABCDE97CB918}.Debug|x86.Build.0 = Debug|Win32
		{0D434754-55BC-449D-A873-ABCDE97CB918}.Release|x64.ActiveCfg = Release|x64
		{0D434754-55BC-449D-A873-ABCDE97CB918}.Release|x64.Build.0 = Release|x64
		{0D434754-55BC-449D-A873-ABCDE97CB918}.Release|x86.ActiveCfg = Release|Win32
		{0D434754-55BC-449D-A873-ABCDE97CB918}.Release|x86.Build.0 = Release|Win32
		{1252008B-19DE-4796-B588-8F3E9824C4C6}.Debug|x64.ActiveCfg = Debug|x64
		{1252008B-19DE-4796-B588-8F3E9824C4C6}.Debug|x64.Build.0 = Debug|x64
		{1252008B-19DE-4796-B588-8F3E9824C4C6}.Debug|x86.ActiveCfg = Debug|Win32
		{1252008B-19DE-4796-B588-8F3E9824C4C6}.Debug|x86.Build.0 = Debug|Win32
		{1252008B-19DE-4796-B588-8F3E9824C4C6}.Release|x64.ActiveCfg = Release|x64
		{1252008B-19DE-4796-B588-8F3E9824C4C6}.Release|x64.Build.0 = Release|x64
		{1252008B-19DE-4796-B588-8F3E9824C4C6}.Release|x86.ActiveCfg = Release|Win32
		{1252008B-19DE-4796-B588-8F3E9824C4C6}.Release|x86.Build.0 = Release|Win32
		{40519C66-9F9C-4ADF-A080-06AD3E190BF2}.Debug|x64.ActiveCfg = Debug|x64
		{40519C66-9F9C-4ADF-A080-06AD3E190BF2}.Debug|x64.Build.0 = Debug|x64
		{40519C66-9F9C-4ADF-A080-06AD3E190BF2}.Debug|x86.ActiveCfg = Debug|Win32
		{40519C66-9F9C-4ADF-A080-06AD3E190BF2}.Debug|x86.Build.0 = Debug|Win32
		{40519C66-9F9C-4ADF-A080-06AD3E190BF2}.Release|x64.ActiveCfg = Release|x64
		{40519C66-9F9C-4ADF-A080-06AD3E190BF2}.Release|x64.Build.0 = Release|x64
		{40519C66-9F9C-4ADF-A080-06AD3E190BF2}.Release|x86.ActiveCfg = Release|Win32
		{40519C66-9F9C-4ADF-A080-06AD3E190BF2}.Release|x86.Build.0 = Release|Win32
		{D483B876-F6AE-45D4-8712-6AA5B46399BC}.Debug|x64.ActiveCfg = Debug|x64
		{D483B876-F6AE-45D4-8712-6AA5B46399BC}.Debug|x64.Build.0 = Debug|x64
		{D483B876-F6AE-45D4-8712-6AA5B46399BC}.Debug|x86.ActiveCfg = Debug|Win32
		{D483B876-F6AE-45D4-8712-6AA5B46399BC}.Debug|x86.Build.0 = Debug|Win32
		{D483B876-F6AE-45D4-8712-6AA5B46399BC}.Release|x64.ActiveCfg = Release|x64
		{D483B876-F6AE-45D4-8712-6AA5B46399BC}.Release|x64.Build.0 = Release|x64
		{D483B876-F6AE-45D4-8712-6AA5B46399BC}.Release|x86.ActiveCfg = Release|Win32
		{D483B876-F6AE-45D4-8712-6AA5B46399BC}.Release|x86.Build.0 = Release|Win32
		{E1486CBC-CA38-4FBC-A473-AAF531F695CA}.Debug|x64.ActiveCfg = Debug|x64
		{E1486CBC-CA38-4FBC-A473-AAF531F695CA}.Debug|x64.Build.0 = Debug|x64
		{E1486CBC-CA38-4FBC-A473-AAF531F695CA}.Debug|x86.ActiveCfg = Debug|Win32
		{E1486CBC-CA38-4FBC-A473-AAF531F695CA}.Debug|x86.Build.0 = Debug|Win32
		{E1486CBC-CA38-4FBC-A473-AAF531F695CA}.Release|x64.ActiveCfg = Release|x64
		{E1486CBC-CA38-4FBC-A473-AAF531F695CA}.Release|x64.Build.0 = Release|x64
		{E1486CBC-CA38-4FBC-A473-AAF531F695CA}.Release|x86.ActiveCfg = Release|Win32
		{E1486CBC-CA38-4FBC-A473-AAF531F695CA}.Release|x86.Build.0 = Release|Win32
		{F112F2D2-8491-49DF-B1EF-5493E9693207}.Debug|x64.ActiveCfg = Debug|x64
		{F112F2D2-8491-49DF-B1EF-5493E9693207}.Debug|x64.Build.0 = Debug|x64
		{F112F2D2-8491-49DF-B1EF-5493E9693207}.Debug|x86.ActiveCfg = Debug|Win32
		{F112F2D2-8491-49DF-B1EF-5493E9693207}.Debug|x86.Build.0 = Debug|Win32
		{F112F2D2-8491-49DF-B1EF-5493E9693207}.Release|x64.ActiveCfg = Release|x64
		{F112F2D2-8491-49DF-B1EF-5493E9693207}.Release|x64.Build.0 = Release|x64
		{F112F2D2-8491-49DF-B1EF-5493E9693207}.Release|x86.ActiveCfg = Release|Win32
		{F112F2D2-8491-49DF-B1EF-5493E9693207}.Release|x86.Build.0 = Release|Win32
		{CACF0691-0379-49C6-B5B9-7A828E980CD4}.Debug|x64.ActiveCfg = Debug|x64
		{CACF0691-0379-49C6-B5B9-7A828E980CD4}.Debug|x64.Build.0 = Debug|x64
		{CACF0691-0379-49C6-B5B9-7A828E980CD4}.Debug|x86.ActiveCfg = Debug|Win32
		{CACF0691-0379-49C6-B5B9-7A828E980CD4}.Debug|x86.Build.0 = Debug|Win32
		{CACF0691-0379-49C6-B5B9-7A828E980CD4}.Release|x64.ActiveCfg = Release|x64
		{CACF0691-0379-49C6-B5B9-7A828E980CD4}.Release|x64.Build.0 = Release|x64
		{CACF0691-0379-49C6-B5B9-7A828E980CD4}.Release|x86.ActiveCfg = Release|Win32
		{CACF0691-0379-49C6-B5B9-7A828E980CD4}.Release|x86.Build.0 = Release|Win32
		{86B23F52-CEA2-42DA-A5AD-DFB75C95CD06}.Debug|x64.ActiveCfg = Debug|x64
		{86B23F52-CEA2-42DA-A5AD-DFB75C95CD06}.Debug|x64.Build.0 = Debug|x64
		{86B23F52-CEA2-42DA-A5AD-DFB75C95CD06}.Debug|x86.ActiveCfg = Debug|Win32
		{86B23F52-CEA2-42DA-A5AD-DFB75C95CD06}.Debug|x86.Build.0 = Debug|Win32
		{86B23F52-CEA2-42DA-A5AD-DFB75C95CD06}.Release|x64.ActiveCfg = Release|x64
		{86B23F52-CEA2-42DA-A5AD-DFB75C95CD06}.Release|x64.Build.0 = Release|x64
		{86B23F52-CEA2-42DA-A5AD-DFB75C95CD06}.Release|x86.ActiveCfg = Release|Win32
		{86B23F52-CEA2-42DA-A5AD-DFB75C95CD06}.Release|x86.Build.0 = Release|Win32
		{3DDD5E3C-9334-4CD5-BB85-50ADDC1B8C81}.Debug|x64.ActiveCfg = Debug|x64
		{3DDD5E3C-9334-4CD5-BB85-50ADDC1B8C81}.Debug|x64.Build.0 = Debug|x64
		{3DDD5E3C-9334-4CD5-BB85-50ADDC1B8C81}.Debug|x86.ActiveCfg = Debug|Win32
		{3DDD5E3C-9334-4CD5-BB85-50ADDC1B8C81}.Debug|x86.Build.0 = Debug|Win32
		{3DDD5E3C-9334-4CD5-BB85-50ADDC1B8C81}.Release|x64.ActiveCfg = Release|x64
		{3DDD5E3C-9334-4CD5-BB85-50ADDC1B8C81}.Release|x64.Build.0 = Release|x64
		{3DDD5E3C-9334-4CD5-BB85-50ADDC1B8C81}.Release|x86.ActiveCfg = Release|Win32
		{3DDD5E3C-9334-4CD5-BB85-50ADDC1B8C81}.Release|x86.Build.0 = Release|Win32
	EndGlobalSection
	GlobalSection(SolutionProperties) = preSolution
		HideSolutionNode = FALSE
	EndGlobalSection
	GlobalSection(NestedProjects) = preSolution
		{6677E556-C2B3-4E14-BEBE-7659980217E3} = {2E33F7EF-9465-40F3-8310-7F388CC429C0}
		{31B1D40C-EDB4-4603-B5A6-50A39005C8D6} = {7300D614-9B1A-4C3D-B694-8E147432746C}
		{4983DC60-2575-4F19-A04F-B22A5A718B9B} = {7300D614-9B1A-4C3D-B694-8E147432746C}
		{16604E50-DBFD-4A0C-BB68-009964E02808} = {4983DC60-2575-4F19-A04F-B22A5A718B9B}
		{4C532063-87AB-4E2B-878F-BA0A8B6ED50D} = {4983DC60-2575-4F19-A04F-B22A5A718B9B}
		{075E3D10-0DB4-4A9D-9B24-F91C1BCF827F} = {7300D614-9B1A-4C3D-B694-8E147432746C}
		{A73FDE6B-120E-4EAD-A8B2-5417B67FEC84} = {075E3D10-0DB4-4A9D-9B24-F91C1BCF827F}
		{69E5F274-E9FC-4CA1-84E2-A01BF2AFC880} = {075E3D10-0DB4-4A9D-9B24-F91C1BCF827F}
		{598AF53F-8B47-4B21-B95D-13F19B51AFBA} = {7300D614-9B1A-4C3D-B694-8E147432746C}
		{53FEC9A5-A589-49DE-BA02-9020D301A085} = {598AF53F-8B47-4B21-B95D-13F19B51AFBA}
		{216C2A01-F375-43DC-B4C5-81945FB3CAE6} = {598AF53F-8B47-4B21-B95D-13F19B51AFBA}
		{95C42128-02B2-4FE6-9A19-071D862D7BCB} = {7300D614-9B1A-4C3D-B694-8E147432746C}
		{75F13726-1D38-44CB-A748-D96208126597} = {95C42128-02B2-4FE6-9A19-071D862D7BCB}
		{EFF8888E-EF9B-4796-8185-741BA08BD94E} = {95C42128-02B2-4FE6-9A19-071D862D7BCB}
		{B54F2B1C-DEF5-452A-A5B2-9BF833F64AD2} = {36616771-C9BB-4F4E-A085-0F7AC1151C89}
		{0D434754-55BC-449D-A873-ABCDE97CB918} = {36616771-C9BB-4F4E-A085-0F7AC1151C89}
		{1252008B-19DE-4796-B588-8F3E9824C4C6} = {588C26BF-CEBE-499D-B28F-79493EE4E080}
		{40519C66-9F9C-4ADF-A080-06AD3E190BF2} = {588C26BF-CEBE-499D-B28F-79493EE4E080}
		{D483B876-F6AE-45D4-8712-6AA5B46399BC} = {46139CAC-D05D-4C8E-82F4-9637C4A8C730}
		{E1486CBC-CA38-4FBC-A473-AAF531F695CA} = {46139CAC-D05D-4C8E-82F4-9637C4A8C730}
		{F112F2D2-8491-49DF-B1EF-5493E9693207} = {B29F3944-0606-423B-924B-71DE5DDFED6C}
		{CACF0691-0379-49C6-B5B9-7A828E980CD4} = {B29F3944-0606-423B-924B-71DE5DDFED6C}
		{86B23F52-CEA2-42DA-A5AD-DFB75C95CD06} = {998BC07F-4F86-4079-8AC6-D960A88E0C69}
		{3DDD5E3C-9334-4CD5-BB85-50ADDC1B8C81} = {998BC07F-4F86-4079-8AC6-D960A88E0C69}
	EndGlobalSection
	GlobalSection(ExtensibilityGlobals) = postSolution
		SolutionGuid = {27874F47-EFDA-44EB-8802-D06F30328240}
	EndGlobalSection
EndGlobal
